
Microsoft Visual Studio Solution File, Format Version 12.00
# Visual Studio Version 16
VisualStudioVersion = 16.0.33027.164
MinimumVisualStudioVersion = 10.0.40219.1
Project("{FAE04EC0-301F-11D3-BF4B-00C04F79EFBC}") = "WindowsFormsApp1", "WindowsFormsApp1\WindowsFormsApp1.csproj", "{D2D872D5-205A-4DED-BC50-ADB5449B5447}"
EndProject
Global
	GlobalSection(SolutionConfigurationPlatforms) = preSolution
		Debug|Any CPU = Debug|Any CPU
		Release|Any CPU = Release|Any CPU
	EndGlobalSection
	GlobalSection(ProjectConfigurationPlatforms) = postSolution
		{D2D872D5-205A-4DED-BC50-ADB5449B5447}.Debug|Any CPU.ActiveCfg = Debug|Any CPU
		{D2D872D5-205A-4DED-BC50-ADB5449B5447}.Debug|Any CPU.Build.0 = Debug|Any CPU
		{D2D872D5-205A-4DED-BC50-ADB5449B5447}.Release|Any CPU.ActiveCfg = Release|Any CPU
		{D2D872D5-205A-4DED-BC50-ADB5449B5447}.Release|Any CPU.Build.0 = Release|Any CPU
	EndGlobalSection
	GlobalSection(SolutionProperties) = preSolution
		HideSolutionNode = FALSE
	EndGlobalSection
	GlobalSection(ExtensibilityGlobals) = postSolution
		SolutionGuid = {36079CB1-01AA-46C8-BC27-96E6EF5ED35F}
	EndGlobalSection
EndGlobal
